
Microsoft Visual Studio Solution File, Format Version 12.00
# Visual Studio Version 17
VisualStudioVersion = 17.6.33723.286
MinimumVisualStudioVersion = 10.0.40219.1
Project("{FAE04EC0-301F-11D3-BF4B-00C04F79EFBC}") = "WebcamHW", "WebcamHW\WebcamHW.csproj", "{3CC30E25-562B-4DBF-8A95-F341449DEFEF}"
EndProject
Global
	GlobalSection(SolutionConfigurationPlatforms) = preSolution
		Debug|Any CPU = Debug|Any CPU
		Release|Any CPU = Release|Any CPU
	EndGlobalSection
	GlobalSection(ProjectConfigurationPlatforms) = postSolution
		{3CC30E25-562B-4DBF-8A95-F341449DEFEF}.Debug|Any CPU.ActiveCfg = Debug|Any CPU
		{3CC30E25-562B-4DBF-8A95-F341449DEFEF}.Debug|Any CPU.Build.0 = Debug|Any CPU
		{3CC30E25-562B-4DBF-8A95-F341449DEFEF}.Release|Any CPU.ActiveCfg = Release|Any CPU
		{3CC30E25-562B-4DBF-8A95-F341449DEFEF}.Release|Any CPU.Build.0 = Release|Any CPU
	EndGlobalSection
	GlobalSection(SolutionProperties) = preSolution
		HideSolutionNode = FALSE
	EndGlobalSection
	GlobalSection(ExtensibilityGlobals) = postSolution
		SolutionGuid = {6F459C35-3765-4D3C-909F-31B70F7FCC55}
	EndGlobalSection
EndGlobal
